
Microsoft Visual Studio Solution File, Format Version 12.00
# Visual Studio Version 16
VisualStudioVersion = 16.0.32002.261
MinimumVisualStudioVersion = 10.0.40219.1
Project("{FAE04EC0-301F-11D3-BF4B-00C04F79EFBC}") = "SquashTheBugs", "SquashTheBugs.csproj", "{9436B99D-58B4-4F14-ABA6-9B7857FD6E60}"
EndProject
Global
	GlobalSection(SolutionConfigurationPlatforms) = preSolution
		Debug|Any CPU = Debug|Any CPU
		Release|Any CPU = Release|Any CPU
	EndGlobalSection
	GlobalSection(ProjectConfigurationPlatforms) = postSolution
		{9436B99D-58B4-4F14-ABA6-9B7857FD6E60}.Debug|Any CPU.ActiveCfg = Debug|Any CPU
		{9436B99D-58B4-4F14-ABA6-9B7857FD6E60}.Debug|Any CPU.Build.0 = Debug|Any CPU
		{9436B99D-58B4-4F14-ABA6-9B7857FD6E60}.Release|Any CPU.ActiveCfg = Release|Any CPU
		{9436B99D-58B4-4F14-ABA6-9B7857FD6E60}.Release|Any CPU.Build.0 = Release|Any CPU
	EndGlobalSection
	GlobalSection(SolutionProperties) = preSolution
		HideSolutionNode = FALSE
	EndGlobalSection
	GlobalSection(ExtensibilityGlobals) = postSolution
		SolutionGuid = {38C19C56-D635-48D8-8E68-2D9F6F79F15C}
	EndGlobalSection
EndGlobal
