
Microsoft Visual Studio Solution File, Format Version 12.00
# Visual Studio Version 16
VisualStudioVersion = 16.0.32002.261
MinimumVisualStudioVersion = 10.0.40219.1
Project("{FAE04EC0-301F-11D3-BF4B-00C04F79EFBC}") = "PE3VariablesandExpressstions", "PE3VariablesandExpressstions.csproj", "{B08273D4-38E4-46E0-97A7-3D8A15DCF8B3}"
EndProject
Global
	GlobalSection(SolutionConfigurationPlatforms) = preSolution
		Debug|Any CPU = Debug|Any CPU
		Release|Any CPU = Release|Any CPU
	EndGlobalSection
	GlobalSection(ProjectConfigurationPlatforms) = postSolution
		{B08273D4-38E4-46E0-97A7-3D8A15DCF8B3}.Debug|Any CPU.ActiveCfg = Debug|Any CPU
		{B08273D4-38E4-46E0-97A7-3D8A15DCF8B3}.Debug|Any CPU.Build.0 = Debug|Any CPU
		{B08273D4-38E4-46E0-97A7-3D8A15DCF8B3}.Release|Any CPU.ActiveCfg = Release|Any CPU
		{B08273D4-38E4-46E0-97A7-3D8A15DCF8B3}.Release|Any CPU.Build.0 = Release|Any CPU
	EndGlobalSection
	GlobalSection(SolutionProperties) = preSolution
		HideSolutionNode = FALSE
	EndGlobalSection
	GlobalSection(ExtensibilityGlobals) = postSolution
		SolutionGuid = {EAF3A84A-8518-462C-B945-05F802410706}
	EndGlobalSection
EndGlobal
